// !$*UTF8*$!
{
	archiveVersion = 1;
	classes = {
	};
	objectVersion = 50;
	objects = {

/* Begin PBXBuildFile section */
		6562291D257B7CBA00C06097 /* AppDelegate.swift in Sources */ = {isa = PBXBuildFile; fileRef = 6562291C257B7CBA00C06097 /* AppDelegate.swift */; };
		6562291F257B7CBA00C06097 /* SceneDelegate.swift in Sources */ = {isa = PBXBuildFile; fileRef = 6562291E257B7CBA00C06097 /* SceneDelegate.swift */; };
		65622924257B7CBA00C06097 /* Main.storyboard in Resources */ = {isa = PBXBuildFile; fileRef = 65622922257B7CBA00C06097 /* Main.storyboard */; };
		65622926257B7CBD00C06097 /* Assets.xcassets in Resources */ = {isa = PBXBuildFile; fileRef = 65622925257B7CBD00C06097 /* Assets.xcassets */; };
		65622929257B7CBD00C06097 /* LaunchScreen.storyboard in Resources */ = {isa = PBXBuildFile; fileRef = 65622927257B7CBD00C06097 /* LaunchScreen.storyboard */; };
		65F8D270257D31F500A21DC1 /* WorkItemDemoVC.swift in Sources */ = {isa = PBXBuildFile; fileRef = 65F8D26F257D31F500A21DC1 /* WorkItemDemoVC.swift */; };
		65F8D274257D37F700A21DC1 /* BaseVC.swift in Sources */ = {isa = PBXBuildFile; fileRef = 65F8D273257D37F700A21DC1 /* BaseVC.swift */; };
		65F8D277257D380300A21DC1 /* MainVC.swift in Sources */ = {isa = PBXBuildFile; fileRef = 65F8D276257D380300A21DC1 /* MainVC.swift */; };
		65F8D27D257D3E3E00A21DC1 /* WorkItemFlagsDemoVC.swift in Sources */ = {isa = PBXBuildFile; fileRef = 65F8D27C257D3E3E00A21DC1 /* WorkItemFlagsDemoVC.swift */; };
		65F8D281257D3EE200A21DC1 /* LockDemoVC.swift in Sources */ = {isa = PBXBuildFile; fileRef = 65F8D280257D3EE200A21DC1 /* LockDemoVC.swift */; };
		65F8D285257D3EEF00A21DC1 /* OnceDemoVC.swift in Sources */ = {isa = PBXBuildFile; fileRef = 65F8D284257D3EEF00A21DC1 /* OnceDemoVC.swift */; };
		65F8D28B257D413E00A21DC1 /* OperationDemoVC.swift in Sources */ = {isa = PBXBuildFile; fileRef = 65F8D28A257D413E00A21DC1 /* OperationDemoVC.swift */; };
		65F8D291257D41E600A21DC1 /* OperationQueueDemoVC.swift in Sources */ = {isa = PBXBuildFile; fileRef = 65F8D290257D41E600A21DC1 /* OperationQueueDemoVC.swift */; };
		65F8D296257D497C00A21DC1 /* TimerDemoVC.swift in Sources */ = {isa = PBXBuildFile; fileRef = 65F8D295257D497C00A21DC1 /* TimerDemoVC.swift */; };
		65F8D29D257DF7F100A21DC1 /* Array + SafetyAccess.swift in Sources */ = {isa = PBXBuildFile; fileRef = 65F8D29C257DF7F100A21DC1 /* Array + SafetyAccess.swift */; };
		65F8D3F6257F0CBE00A21DC1 /* CustomOperation.swift in Sources */ = {isa = PBXBuildFile; fileRef = 65F8D3F5257F0CBE00A21DC1 /* CustomOperation.swift */; };
/* End PBXBuildFile section */

/* Begin PBXFileReference section */
		65622919257B7CBA00C06097 /* GCDandMutiThread.app */ = {isa = PBXFileReference; explicitFileType = wrapper.application; includeInIndex = 0; path = GCDandMutiThread.app; sourceTree = BUILT_PRODUCTS_DIR; };
		6562291C257B7CBA00C06097 /* AppDelegate.swift */ = {isa = PBXFileReference; lastKnownFileType = sourcecode.swift; path = AppDelegate.swift; sourceTree = "<group>"; };
		6562291E257B7CBA00C06097 /* SceneDelegate.swift */ = {isa = PBXFileReference; lastKnownFileType = sourcecode.swift; path = SceneDelegate.swift; sourceTree = "<group>"; };
		65622923257B7CBA00C06097 /* Base */ = {isa = PBXFileReference; lastKnownFileType = file.storyboard; name = Base; path = Base.lproj/Main.storyboard; sourceTree = "<group>"; };
		65622925257B7CBD00C06097 /* Assets.xcassets */ = {isa = PBXFileReference; lastKnownFileType = folder.assetcatalog; path = Assets.xcassets; sourceTree = "<group>"; };
		65622928257B7CBD00C06097 /* Base */ = {isa = PBXFileReference; lastKnownFileType = file.storyboard; name = Base; path = Base.lproj/LaunchScreen.storyboard; sourceTree = "<group>"; };
		6562292A257B7CBD00C06097 /* Info.plist */ = {isa = PBXFileReference; lastKnownFileType = text.plist.xml; path = Info.plist; sourceTree = "<group>"; };
		65F8D26F257D31F500A21DC1 /* WorkItemDemoVC.swift */ = {isa = PBXFileReference; lastKnownFileType = sourcecode.swift; path = WorkItemDemoVC.swift; sourceTree = "<group>"; };
		65F8D273257D37F700A21DC1 /* BaseVC.swift */ = {isa = PBXFileReference; fileEncoding = 4; lastKnownFileType = sourcecode.swift; path = BaseVC.swift; sourceTree = "<group>"; };
		65F8D276257D380300A21DC1 /* MainVC.swift */ = {isa = PBXFileReference; fileEncoding = 4; lastKnownFileType = sourcecode.swift; path = MainVC.swift; sourceTree = "<group>"; };
		65F8D27C257D3E3E00A21DC1 /* WorkItemFlagsDemoVC.swift */ = {isa = PBXFileReference; lastKnownFileType = sourcecode.swift; path = WorkItemFlagsDemoVC.swift; sourceTree = "<group>"; };
		65F8D280257D3EE200A21DC1 /* LockDemoVC.swift */ = {isa = PBXFileReference; lastKnownFileType = sourcecode.swift; path = LockDemoVC.swift; sourceTree = "<group>"; };
		65F8D284257D3EEF00A21DC1 /* OnceDemoVC.swift */ = {isa = PBXFileReference; lastKnownFileType = sourcecode.swift; path = OnceDemoVC.swift; sourceTree = "<group>"; };
		65F8D28A257D413E00A21DC1 /* OperationDemoVC.swift */ = {isa = PBXFileReference; lastKnownFileType = sourcecode.swift; path = OperationDemoVC.swift; sourceTree = "<group>"; };
		65F8D290257D41E600A21DC1 /* OperationQueueDemoVC.swift */ = {isa = PBXFileReference; lastKnownFileType = sourcecode.swift; path = OperationQueueDemoVC.swift; sourceTree = "<group>"; };
		65F8D295257D497C00A21DC1 /* TimerDemoVC.swift */ = {isa = PBXFileReference; lastKnownFileType = sourcecode.swift; path = TimerDemoVC.swift; sourceTree = "<group>"; };
		65F8D29C257DF7F100A21DC1 /* Array + SafetyAccess.swift */ = {isa = PBXFileReference; fileEncoding = 4; lastKnownFileType = sourcecode.swift; path = "Array + SafetyAccess.swift"; sourceTree = "<group>"; };
		65F8D3F5257F0CBE00A21DC1 /* CustomOperation.swift */ = {isa = PBXFileReference; lastKnownFileType = sourcecode.swift; path = CustomOperation.swift; sourceTree = "<group>"; };
/* End PBXFileReference section */

/* Begin PBXFrameworksBuildPhase section */
		65622916257B7CBA00C06097 /* Frameworks */ = {
			isa = PBXFrameworksBuildPhase;
			buildActionMask = 2147483647;
			files = (
			);
			runOnlyForDeploymentPostprocessing = 0;
		};
/* End PBXFrameworksBuildPhase section */

/* Begin PBXGroup section */
		65622910257B7CBA00C06097 = {
			isa = PBXGroup;
			children = (
				6562291B257B7CBA00C06097 /* GCDandMutiThread */,
				6562291A257B7CBA00C06097 /* Products */,
			);
			sourceTree = "<group>";
		};
		6562291A257B7CBA00C06097 /* Products */ = {
			isa = PBXGroup;
			children = (
				65622919257B7CBA00C06097 /* GCDandMutiThread.app */,
			);
			name = Products;
			sourceTree = "<group>";
		};
		6562291B257B7CBA00C06097 /* GCDandMutiThread */ = {
			isa = PBXGroup;
			children = (
				6562291C257B7CBA00C06097 /* AppDelegate.swift */,
				6562291E257B7CBA00C06097 /* SceneDelegate.swift */,
				65F8D26B257BB9BF00A21DC1 /* UIs */,
				65F8D29B257DF7C300A21DC1 /* Extensions */,
				65622925257B7CBD00C06097 /* Assets.xcassets */,
				6562292A257B7CBD00C06097 /* Info.plist */,
			);
			path = GCDandMutiThread;
			sourceTree = "<group>";
		};
		65F8D26B257BB9BF00A21DC1 /* UIs */ = {
			isa = PBXGroup;
			children = (
				65F8D276257D380300A21DC1 /* MainVC.swift */,
				65F8D273257D37F700A21DC1 /* BaseVC.swift */,
				65F8D27A257D3CEF00A21DC1 /* WorkItem */,
				65F8D289257D3F0A00A21DC1 /* Operaction */,
				65F8D298257D498100A21DC1 /* Timer */,
				65F8D287257D3EF300A21DC1 /* LockAndOnce */,
				65F8D26D257BB9C700A21DC1 /* SBs */,
			);
			path = UIs;
			sourceTree = "<group>";
		};
		65F8D26D257BB9C700A21DC1 /* SBs */ = {
			isa = PBXGroup;
			children = (
				65622922257B7CBA00C06097 /* Main.storyboard */,
				65622927257B7CBD00C06097 /* LaunchScreen.storyboard */,
			);
			path = SBs;
			sourceTree = "<group>";
		};
		65F8D27A257D3CEF00A21DC1 /* WorkItem */ = {
			isa = PBXGroup;
			children = (
				65F8D26F257D31F500A21DC1 /* WorkItemDemoVC.swift */,
				65F8D27C257D3E3E00A21DC1 /* WorkItemFlagsDemoVC.swift */,
			);
			path = WorkItem;
			sourceTree = "<group>";
		};
		65F8D287257D3EF300A21DC1 /* LockAndOnce */ = {
			isa = PBXGroup;
			children = (
				65F8D280257D3EE200A21DC1 /* LockDemoVC.swift */,
				65F8D284257D3EEF00A21DC1 /* OnceDemoVC.swift */,
			);
			path = LockAndOnce;
			sourceTree = "<group>";
		};
		65F8D289257D3F0A00A21DC1 /* Operaction */ = {
			isa = PBXGroup;
			children = (
				65F8D28A257D413E00A21DC1 /* OperationDemoVC.swift */,
				65F8D3F5257F0CBE00A21DC1 /* CustomOperation.swift */,
				65F8D290257D41E600A21DC1 /* OperationQueueDemoVC.swift */,
			);
			path = Operaction;
			sourceTree = "<group>";
		};
		65F8D298257D498100A21DC1 /* Timer */ = {
			isa = PBXGroup;
			children = (
				65F8D295257D497C00A21DC1 /* TimerDemoVC.swift */,
			);
			path = Timer;
			sourceTree = "<group>";
		};
		65F8D29B257DF7C300A21DC1 /* Extensions */ = {
			isa = PBXGroup;
			children = (
				65F8D29C257DF7F100A21DC1 /* Array + SafetyAccess.swift */,
			);
			path = Extensions;
			sourceTree = "<group>";
		};
/* End PBXGroup section */

/* Begin PBXNativeTarget section */
		65622918257B7CBA00C06097 /* GCDandMutiThread */ = {
			isa = PBXNativeTarget;
			buildConfigurationList = 6562292D257B7CBD00C06097 /* Build configuration list for PBXNativeTarget "GCDandMutiThread" */;
			buildPhases = (
				65622915257B7CBA00C06097 /* Sources */,
				65622916257B7CBA00C06097 /* Frameworks */,
				65622917257B7CBA00C06097 /* Resources */,
			);
			buildRules = (
			);
			dependencies = (
			);
			name = GCDandMutiThread;
			productName = GCDandMutiThread;
			productReference = 65622919257B7CBA00C06097 /* GCDandMutiThread.app */;
			productType = "com.apple.product-type.application";
		};
/* End PBXNativeTarget section */

/* Begin PBXProject section */
		65622911257B7CBA00C06097 /* Project object */ = {
			isa = PBXProject;
			attributes = {
				LastSwiftUpdateCheck = 1210;
				LastUpgradeCheck = 1210;
				TargetAttributes = {
					65622918257B7CBA00C06097 = {
						CreatedOnToolsVersion = 12.1;
					};
				};
			};
			buildConfigurationList = 65622914257B7CBA00C06097 /* Build configuration list for PBXProject "GCDandMutiThread" */;
			compatibilityVersion = "Xcode 9.3";
			developmentRegion = en;
			hasScannedForEncodings = 0;
			knownRegions = (
				en,
				Base,
			);
			mainGroup = 65622910257B7CBA00C06097;
			productRefGroup = 6562291A257B7CBA00C06097 /* Products */;
			projectDirPath = "";
			projectRoot = "";
			targets = (
				65622918257B7CBA00C06097 /* GCDandMutiThread */,
			);
		};
/* End PBXProject section */

/* Begin PBXResourcesBuildPhase section */
		65622917257B7CBA00C06097 /* Resources */ = {
			isa = PBXResourcesBuildPhase;
			buildActionMask = 2147483647;
			files = (
				65622929257B7CBD00C06097 /* LaunchScreen.storyboard in Resources */,
				65622926257B7CBD00C06097 /* Assets.xcassets in Resources */,
				65622924257B7CBA00C06097 /* Main.storyboard in Resources */,
			);
			runOnlyForDeploymentPostprocessing = 0;
		};
/* End PBXResourcesBuildPhase section */

/* Begin PBXSourcesBuildPhase section */
		65622915257B7CBA00C06097 /* Sources */ = {
			isa = PBXSourcesBuildPhase;
			buildActionMask = 2147483647;
			files = (
				65F8D270257D31F500A21DC1 /* WorkItemDemoVC.swift in Sources */,
				65F8D29D257DF7F100A21DC1 /* Array + SafetyAccess.swift in Sources */,
				65F8D291257D41E600A21DC1 /* OperationQueueDemoVC.swift in Sources */,
				65F8D27D257D3E3E00A21DC1 /* WorkItemFlagsDemoVC.swift in Sources */,
				65F8D28B257D413E00A21DC1 /* OperationDemoVC.swift in Sources */,
				65F8D277257D380300A21DC1 /* MainVC.swift in Sources */,
				65F8D285257D3EEF00A21DC1 /* OnceDemoVC.swift in Sources */,
				65F8D281257D3EE200A21DC1 /* LockDemoVC.swift in Sources */,
				6562291D257B7CBA00C06097 /* AppDelegate.swift in Sources */,
				65F8D296257D497C00A21DC1 /* TimerDemoVC.swift in Sources */,
				65F8D3F6257F0CBE00A21DC1 /* CustomOperation.swift in Sources */,
				6562291F257B7CBA00C06097 /* SceneDelegate.swift in Sources */,
				65F8D274257D37F700A21DC1 /* BaseVC.swift in Sources */,
			);
			runOnlyForDeploymentPostprocessing = 0;
		};
/* End PBXSourcesBuildPhase section */

/* Begin PBXVariantGroup section */
		65622922257B7CBA00C06097 /* Main.storyboard */ = {
			isa = PBXVariantGroup;
			children = (
				65622923257B7CBA00C06097 /* Base */,
			);
			name = Main.storyboard;
			sourceTree = "<group>";
		};
		65622927257B7CBD00C06097 /* LaunchScreen.storyboard */ = {
			isa = PBXVariantGroup;
			children = (
				65622928257B7CBD00C06097 /* Base */,
			);
			name = LaunchScreen.storyboard;
			sourceTree = "<group>";
		};
/* End PBXVariantGroup section */

/* Begin XCBuildConfiguration section */
		6562292B257B7CBD00C06097 /* Debug */ = {
			isa = XCBuildConfiguration;
			buildSettings = {
				ALWAYS_SEARCH_USER_PATHS = NO;
				CLANG_ANALYZER_NONNULL = YES;
				CLANG_ANALYZER_NUMBER_OBJECT_CONVERSION = YES_AGGRESSIVE;
				CLANG_CXX_LANGUAGE_STANDARD = "gnu++14";
				CLANG_CXX_LIBRARY = "libc++";
				CLANG_ENABLE_MODULES = YES;
				CLANG_ENABLE_OBJC_ARC = YES;
				CLANG_ENABLE_OBJC_WEAK = YES;
				CLANG_WARN_BLOCK_CAPTURE_AUTORELEASING = YES;
				CLANG_WARN_BOOL_CONVERSION = YES;
				CLANG_WARN_COMMA = YES;
				CLANG_WARN_CONSTANT_CONVERSION = YES;
				CLANG_WARN_DEPRECATED_OBJC_IMPLEMENTATIONS = YES;
				CLANG_WARN_DIRECT_OBJC_ISA_USAGE = YES_ERROR;
				CLANG_WARN_DOCUMENTATION_COMMENTS = YES;
				CLANG_WARN_EMPTY_BODY = YES;
				CLANG_WARN_ENUM_CONVERSION = YES;
				CLANG_WARN_INFINITE_RECURSION = YES;
				CLANG_WARN_INT_CONVERSION = YES;
				CLANG_WARN_NON_LITERAL_NULL_CONVERSION = YES;
				CLANG_WARN_OBJC_IMPLICIT_RETAIN_SELF = YES;
				CLANG_WARN_OBJC_LITERAL_CONVERSION = YES;
				CLANG_WARN_OBJC_ROOT_CLASS = YES_ERROR;
				CLANG_WARN_QUOTED_INCLUDE_IN_FRAMEWORK_HEADER = YES;
				CLANG_WARN_RANGE_LOOP_ANALYSIS = YES;
				CLANG_WARN_STRICT_PROTOTYPES = YES;
				CLANG_WARN_SUSPICIOUS_MOVE = YES;
				CLANG_WARN_UNGUARDED_AVAILABILITY = YES_AGGRESSIVE;
				CLANG_WARN_UNREACHABLE_CODE = YES;
				CLANG_WARN__DUPLICATE_METHOD_MATCH = YES;
				COPY_PHASE_STRIP = NO;
				DEBUG_INFORMATION_FORMAT = dwarf;
				ENABLE_STRICT_OBJC_MSGSEND = YES;
				ENABLE_TESTABILITY = YES;
				GCC_C_LANGUAGE_STANDARD = gnu11;
				GCC_DYNAMIC_NO_PIC = NO;
				GCC_NO_COMMON_BLOCKS = YES;
				GCC_OPTIMIZATION_LEVEL = 0;
				GCC_PREPROCESSOR_DEFINITIONS = (
					"DEBUG=1",
					"$(inherited)",
				);
				GCC_WARN_64_TO_32_BIT_CONVERSION = YES;
				GCC_WARN_ABOUT_RETURN_TYPE = YES_ERROR;
				GCC_WARN_UNDECLARED_SELECTOR = YES;
				GCC_WARN_UNINITIALIZED_AUTOS = YES_AGGRESSIVE;
				GCC_WARN_UNUSED_FUNCTION = YES;
				GCC_WARN_UNUSED_VARIABLE = YES;
				IPHONEOS_DEPLOYMENT_TARGET = 14.1;
				MTL_ENABLE_DEBUG_INFO = INCLUDE_SOURCE;
				MTL_FAST_MATH = YES;
				ONLY_ACTIVE_ARCH = YES;
				SDKROOT = iphoneos;
				SWIFT_ACTIVE_COMPILATION_CONDITIONS = DEBUG;
				SWIFT_OPTIMIZATION_LEVEL = "-Onone";
			};
			name = Debug;
		};
		6562292C257B7CBD00C06097 /* Release */ = {
			isa = XCBuildConfiguration;
			buildSettings = {
				ALWAYS_SEARCH_USER_PATHS = NO;
				CLANG_ANALYZER_NONNULL = YES;
				CLANG_ANALYZER_NUMBER_OBJECT_CONVERSION = YES_AGGRESSIVE;
				CLANG_CXX_LANGUAGE_STANDARD = "gnu++14";
				CLANG_CXX_LIBRARY = "libc++";
				CLANG_ENABLE_MODULES = YES;
				CLANG_ENABLE_OBJC_ARC = YES;
				CLANG_ENABLE_OBJC_WEAK = YES;
				CLANG_WARN_BLOCK_CAPTURE_AUTORELEASING = YES;
				CLANG_WARN_BOOL_CONVERSION = YES;
				CLANG_WARN_COMMA = YES;
				CLANG_WARN_CONSTANT_CONVERSION = YES;
				CLANG_WARN_DEPRECATED_OBJC_IMPLEMENTATIONS = YES;
				CLANG_WARN_DIRECT_OBJC_ISA_USAGE = YES_ERROR;
				CLANG_WARN_DOCUMENTATION_COMMENTS = YES;
				CLANG_WARN_EMPTY_BODY = YES;
				CLANG_WARN_ENUM_CONVERSION = YES;
				CLANG_WARN_INFINITE_RECURSION = YES;
				CLANG_WARN_INT_CONVERSION = YES;
				CLANG_WARN_NON_LITERAL_NULL_CONVERSION = YES;
				CLANG_WARN_OBJC_IMPLICIT_RETAIN_SELF = YES;
				CLANG_WARN_OBJC_LITERAL_CONVERSION = YES;
				CLANG_WARN_OBJC_ROOT_CLASS = YES_ERROR;
				CLANG_WARN_QUOTED_INCLUDE_IN_FRAMEWORK_HEADER = YES;
				CLANG_WARN_RANGE_LOOP_ANALYSIS = YES;
				CLANG_WARN_STRICT_PROTOTYPES = YES;
				CLANG_WARN_SUSPICIOUS_MOVE = YES;
				CLANG_WARN_UNGUARDED_AVAILABILITY = YES_AGGRESSIVE;
				CLANG_WARN_UNREACHABLE_CODE = YES;
				CLANG_WARN__DUPLICATE_METHOD_MATCH = YES;
				COPY_PHASE_STRIP = NO;
				DEBUG_INFORMATION_FORMAT = "dwarf-with-dsym";
				ENABLE_NS_ASSERTIONS = NO;
				ENABLE_STRICT_OBJC_MSGSEND = YES;
				GCC_C_LANGUAGE_STANDARD = gnu11;
				GCC_NO_COMMON_BLOCKS = YES;
				GCC_WARN_64_TO_32_BIT_CONVERSION = YES;
				GCC_WARN_ABOUT_RETURN_TYPE = YES_ERROR;
				GCC_WARN_UNDECLARED_SELECTOR = YES;
				GCC_WARN_UNINITIALIZED_AUTOS = YES_AGGRESSIVE;
				GCC_WARN_UNUSED_FUNCTION = YES;
				GCC_WARN_UNUSED_VARIABLE = YES;
				IPHONEOS_DEPLOYMENT_TARGET = 14.1;
				MTL_ENABLE_DEBUG_INFO = NO;
				MTL_FAST_MATH = YES;
				SDKROOT = iphoneos;
				SWIFT_COMPILATION_MODE = wholemodule;
				SWIFT_OPTIMIZATION_LEVEL = "-O";
				VALIDATE_PRODUCT = YES;
			};
			name = Release;
		};
		6562292E257B7CBD00C06097 /* Debug */ = {
			isa = XCBuildConfiguration;
			buildSettings = {
				ASSETCATALOG_COMPILER_APPICON_NAME = AppIcon;
				ASSETCATALOG_COMPILER_GLOBAL_ACCENT_COLOR_NAME = AccentColor;
				CODE_SIGN_STYLE = Automatic;
				DEVELOPMENT_TEAM = 7Y4TPNE48W;
				INFOPLIST_FILE = GCDandMutiThread/Info.plist;
				LD_RUNPATH_SEARCH_PATHS = (
					"$(inherited)",
					"@executable_path/Frameworks",
				);
				PRODUCT_BUNDLE_IDENTIFIER = com.iosTaipei.GCDandMutiThread.GCDandMutiThread;
				PRODUCT_NAME = "$(TARGET_NAME)";
				SWIFT_VERSION = 5.0;
				TARGETED_DEVICE_FAMILY = "1,2";
			};
			name = Debug;
		};
		6562292F257B7CBD00C06097 /* Release */ = {
			isa = XCBuildConfiguration;
			buildSettings = {
				ASSETCATALOG_COMPILER_APPICON_NAME = AppIcon;
				ASSETCATALOG_COMPILER_GLOBAL_ACCENT_COLOR_NAME = AccentColor;
				CODE_SIGN_STYLE = Automatic;
				DEVELOPMENT_TEAM = 7Y4TPNE48W;
				INFOPLIST_FILE = GCDandMutiThread/Info.plist;
				LD_RUNPATH_SEARCH_PATHS = (
					"$(inherited)",
					"@executable_path/Frameworks",
				);
				PRODUCT_BUNDLE_IDENTIFIER = com.iosTaipei.GCDandMutiThread.GCDandMutiThread;
				PRODUCT_NAME = "$(TARGET_NAME)";
				SWIFT_VERSION = 5.0;
				TARGETED_DEVICE_FAMILY = "1,2";
			};
			name = Release;
		};
/* End XCBuildConfiguration section */

/* Begin XCConfigurationList section */
		65622914257B7CBA00C06097 /* Build configuration list for PBXProject "GCDandMutiThread" */ = {
			isa = XCConfigurationList;
			buildConfigurations = (
				6562292B257B7CBD00C06097 /* Debug */,
				6562292C257B7CBD00C06097 /* Release */,
			);
			defaultConfigurationIsVisible = 0;
			defaultConfigurationName = Release;
		};
		6562292D257B7CBD00C06097 /* Build configuration list for PBXNativeTarget "GCDandMutiThread" */ = {
			isa = XCConfigurationList;
			buildConfigurations = (
				6562292E257B7CBD00C06097 /* Debug */,
				6562292F257B7CBD00C06097 /* Release */,
			);
			defaultConfigurationIsVisible = 0;
			defaultConfigurationName = Release;
		};
/* End XCConfigurationList section */
	};
	rootObject = 65622911257B7CBA00C06097 /* Project object */;
}
